// !$*UTF8*$!
{
	archiveVersion = 1;
	classes = {
	};
	objectVersion = 45;
	objects = {

/* Begin PBXBuildFile section */
		1DDD58160DA1D0A300B32029 /* MainMenu.xib in Resources */ = {isa = PBXBuildFile; fileRef = 1DDD58140DA1D0A300B32029 /* MainMenu.xib */; };
		8D11072B0486CEB800E47090 /* InfoPlist.strings in Resources */ = {isa = PBXBuildFile; fileRef = 089C165CFE840E0CC02AAC07 /* InfoPlist.strings */; };
		8D11072D0486CEB800E47090 /* main.m in Sources */ = {isa = PBXBuildFile; fileRef = 29B97316FDCFA39411CA2CEA /* main.m */; settings = {ATTRIBUTES = (); }; };
		8D11072F0486CEB800E47090 /* Cocoa.framework in Frameworks */ = {isa = PBXBuildFile; fileRef = 1058C7A1FEA54F0111CA2CBB /* Cocoa.framework */; };
		FB21D6000EDF70690099C7C9 /* lens_backend.cpp in Sources */ = {isa = PBXBuildFile; fileRef = FB21D5FF0EDF70690099C7C9 /* lens_backend.cpp */; };
		FB21D6880EDF8DB40099C7C9 /* cairo.framework in Frameworks */ = {isa = PBXBuildFile; fileRef = FBC0079D0EDD2F390003A992 /* cairo.framework */; };
		FBC007A60EDD2F8E0003A992 /* cairo.framework in CopyFiles */ = {isa = PBXBuildFile; fileRef = FBC0079D0EDD2F390003A992 /* cairo.framework */; };
		FBC007AD0EDD83E30003A992 /* LensController.mm in Sources */ = {isa = PBXBuildFile; fileRef = FBC007AC0EDD83E30003A992 /* LensController.mm */; };
		FBC007B40EDD842E0003A992 /* CairoView.mm in Sources */ = {isa = PBXBuildFile; fileRef = FBC007B30EDD842E0003A992 /* CairoView.mm */; };
		FBFDD5080F377EC50086325C /* InfoPlist.strings in Resources */ = {isa = PBXBuildFile; fileRef = 089C165CFE840E0CC02AAC07 /* InfoPlist.strings */; };
		FBFDD5090F377EC50086325C /* MainMenu.xib in Resources */ = {isa = PBXBuildFile; fileRef = 1DDD58140DA1D0A300B32029 /* MainMenu.xib */; };
		FBFDD50B0F377EC50086325C /* main.m in Sources */ = {isa = PBXBuildFile; fileRef = 29B97316FDCFA39411CA2CEA /* main.m */; settings = {ATTRIBUTES = (); }; };
		FBFDD50C0F377EC50086325C /* LensController.mm in Sources */ = {isa = PBXBuildFile; fileRef = FBC007AC0EDD83E30003A992 /* LensController.mm */; };
		FBFDD50D0F377EC50086325C /* CairoView.mm in Sources */ = {isa = PBXBuildFile; fileRef = FBC007B30EDD842E0003A992 /* CairoView.mm */; };
		FBFDD50E0F377EC50086325C /* lens_backend.cpp in Sources */ = {isa = PBXBuildFile; fileRef = FB21D5FF0EDF70690099C7C9 /* lens_backend.cpp */; };
		FBFDD5110F377EC50086325C /* Cocoa.framework in Frameworks */ = {isa = PBXBuildFile; fileRef = 1058C7A1FEA54F0111CA2CBB /* Cocoa.framework */; };
		FBFDD66B0F3781410086325C /* AppKit.framework in Frameworks */ = {isa = PBXBuildFile; fileRef = 29B97324FDCFA39411CA2CEA /* AppKit.framework */; };
		FBFDD66C0F3781410086325C /* Foundation.framework in Frameworks */ = {isa = PBXBuildFile; fileRef = 29B97325FDCFA39411CA2CEA /* Foundation.framework */; };
/* End PBXBuildFile section */

/* Begin PBXBuildRule section */
		FBFDD51A0F377FA30086325C /* PBXBuildRule */ = {
			isa = PBXBuildRule;
			compilerSpec = org.cocotron.1.0.windows.i386.gcc.default;
			fileType = sourcecode.c;
			isEditable = 1;
			outputFiles = (
			);
		};
/* End PBXBuildRule section */

/* Begin PBXContainerItemProxy section */
		FB21D6BB0EDF8E820099C7C9 /* PBXContainerItemProxy */ = {
			isa = PBXContainerItemProxy;
			containerPortal = FBC007950EDD2F390003A992 /* Cairo.xcodeproj */;
			proxyType = 1;
			remoteGlobalIDString = FB102D9E0E45AFB300C8ECBD;
			remoteInfo = Cairo;
		};
		FBC0079C0EDD2F390003A992 /* PBXContainerItemProxy */ = {
			isa = PBXContainerItemProxy;
			containerPortal = FBC007950EDD2F390003A992 /* Cairo.xcodeproj */;
			proxyType = 2;
			remoteGlobalIDString = FB102D9F0E45AFB300C8ECBD;
			remoteInfo = Cairo;
		};
/* End PBXContainerItemProxy section */

/* Begin PBXCopyFilesBuildPhase section */
		FBC007A80EDD2F920003A992 /* CopyFiles */ = {
			isa = PBXCopyFilesBuildPhase;
			buildActionMask = 2147483647;
			dstPath = "";
			dstSubfolderSpec = 10;
			files = (
				FBC007A60EDD2F8E0003A992 /* cairo.framework in CopyFiles */,
			);
			runOnlyForDeploymentPostprocessing = 0;
		};
/* End PBXCopyFilesBuildPhase section */

/* Begin PBXFileReference section */
		089C165DFE840E0CC02AAC07 /* English */ = {isa = PBXFileReference; fileEncoding = 10; lastKnownFileType = text.plist.strings; name = English; path = English.lproj/InfoPlist.strings; sourceTree = "<group>"; };
		1058C7A1FEA54F0111CA2CBB /* Cocoa.framework */ = {isa = PBXFileReference; lastKnownFileType = wrapper.framework; name = Cocoa.framework; path = /System/Library/Frameworks/Cocoa.framework; sourceTree = "<absolute>"; };
		13E42FB307B3F0F600E4EEF1 /* CoreData.framework */ = {isa = PBXFileReference; lastKnownFileType = wrapper.framework; name = CoreData.framework; path = /System/Library/Frameworks/CoreData.framework; sourceTree = "<absolute>"; };
		1DDD58150DA1D0A300B32029 /* English */ = {isa = PBXFileReference; lastKnownFileType = file.xib; name = English; path = English.lproj/MainMenu.xib; sourceTree = "<group>"; };
		29B97316FDCFA39411CA2CEA /* main.m */ = {isa = PBXFileReference; fileEncoding = 4; lastKnownFileType = sourcecode.c.objc; path = main.m; sourceTree = "<group>"; };
		29B97324FDCFA39411CA2CEA /* AppKit.framework */ = {isa = PBXFileReference; lastKnownFileType = wrapper.framework; name = AppKit.framework; path = /System/Library/Frameworks/AppKit.framework; sourceTree = "<absolute>"; };
		29B97325FDCFA39411CA2CEA /* Foundation.framework */ = {isa = PBXFileReference; lastKnownFileType = wrapper.framework; name = Foundation.framework; path = /System/Library/Frameworks/Foundation.framework; sourceTree = "<absolute>"; };
		32CA4F630368D1EE00C91783 /* Lens Refraction_Prefix.pch */ = {isa = PBXFileReference; fileEncoding = 4; lastKnownFileType = sourcecode.c.h; path = "Lens Refraction_Prefix.pch"; sourceTree = "<group>"; };
		8D1107310486CEB800E47090 /* Info.plist */ = {isa = PBXFileReference; fileEncoding = 4; lastKnownFileType = text.plist.xml; path = Info.plist; sourceTree = "<group>"; };
		8D1107320486CEB800E47090 /* Lens Refraction.app */ = {isa = PBXFileReference; explicitFileType = wrapper.application; includeInIndex = 0; path = "Lens Refraction.app"; sourceTree = BUILT_PRODUCTS_DIR; };
		FB21D5FE0EDF70690099C7C9 /* lens_backend.h */ = {isa = PBXFileReference; fileEncoding = 4; lastKnownFileType = sourcecode.c.h; name = lens_backend.h; path = backend/lens_backend.h; sourceTree = "<group>"; };
		FB21D5FF0EDF70690099C7C9 /* lens_backend.cpp */ = {isa = PBXFileReference; fileEncoding = 4; lastKnownFileType = sourcecode.cpp.cpp; name = lens_backend.cpp; path = backend/lens_backend.cpp; sourceTree = "<group>"; };
		FB21D6020EDF72C90099C7C9 /* vector2d.h */ = {isa = PBXFileReference; fileEncoding = 4; lastKnownFileType = sourcecode.c.h; name = vector2d.h; path = backend/vector2d.h; sourceTree = "<group>"; };
		FB21D6030EDF73020099C7C9 /* mathutil.h */ = {isa = PBXFileReference; fileEncoding = 4; lastKnownFileType = sourcecode.c.h; name = mathutil.h; path = backend/mathutil.h; sourceTree = "<group>"; };
		FB21D6040EDF73210099C7C9 /* types.h */ = {isa = PBXFileReference; fileEncoding = 4; lastKnownFileType = sourcecode.c.h; name = types.h; path = backend/types.h; sourceTree = "<group>"; };
		FBC007950EDD2F390003A992 /* Cairo.xcodeproj */ = {isa = PBXFileReference; lastKnownFileType = "wrapper.pb-project"; name = Cairo.xcodeproj; path = ../deps/cairo/proj/Cairo.xcodeproj; sourceTree = SOURCE_ROOT; };
		FBC007AB0EDD83E30003A992 /* LensController.h */ = {isa = PBXFileReference; fileEncoding = 4; lastKnownFileType = sourcecode.c.h; path = LensController.h; sourceTree = "<group>"; };
		FBC007AC0EDD83E30003A992 /* LensController.mm */ = {isa = PBXFileReference; fileEncoding = 4; lastKnownFileType = sourcecode.cpp.objcpp; path = LensController.mm; sourceTree = "<group>"; };
		FBC007B20EDD842E0003A992 /* CairoView.h */ = {isa = PBXFileReference; fileEncoding = 4; lastKnownFileType = sourcecode.c.h; path = CairoView.h; sourceTree = "<group>"; };
		FBC007B30EDD842E0003A992 /* CairoView.mm */ = {isa = PBXFileReference; fileEncoding = 4; lastKnownFileType = sourcecode.cpp.objcpp; path = CairoView.mm; sourceTree = "<group>"; };
		FBFDD5170F377EC50086325C /* Lens Refraction.app */ = {isa = PBXFileReference; explicitFileType = wrapper.application; includeInIndex = 0; path = "Lens Refraction.app"; sourceTree = BUILT_PRODUCTS_DIR; };
/* End PBXFileReference section */

/* Begin PBXFrameworksBuildPhase section */
		8D11072E0486CEB800E47090 /* Frameworks */ = {
			isa = PBXFrameworksBuildPhase;
			buildActionMask = 2147483647;
			files = (
				FB21D6880EDF8DB40099C7C9 /* cairo.framework in Frameworks */,
				8D11072F0486CEB800E47090 /* Cocoa.framework in Frameworks */,
			);
			runOnlyForDeploymentPostprocessing = 0;
		};
		FBFDD50F0F377EC50086325C /* Frameworks */ = {
			isa = PBXFrameworksBuildPhase;
			buildActionMask = 2147483647;
			files = (
				FBFDD66B0F3781410086325C /* AppKit.framework in Frameworks */,
				FBFDD66C0F3781410086325C /* Foundation.framework in Frameworks */,
				FBFDD5110F377EC50086325C /* Cocoa.framework in Frameworks */,
			);
			runOnlyForDeploymentPostprocessing = 0;
		};
/* End PBXFrameworksBuildPhase section */

/* Begin PBXGroup section */
		080E96DDFE201D6D7F000001 /* Classes */ = {
			isa = PBXGroup;
			children = (
				FBC007AB0EDD83E30003A992 /* LensController.h */,
				FBC007AC0EDD83E30003A992 /* LensController.mm */,
				FBC007B20EDD842E0003A992 /* CairoView.h */,
				FBC007B30EDD842E0003A992 /* CairoView.mm */,
			);
			name = Classes;
			sourceTree = "<group>";
		};
		1058C7A0FEA54F0111CA2CBB /* Linked Frameworks */ = {
			isa = PBXGroup;
			children = (
				FBC007950EDD2F390003A992 /* Cairo.xcodeproj */,
				1058C7A1FEA54F0111CA2CBB /* Cocoa.framework */,
			);
			name = "Linked Frameworks";
			sourceTree = "<group>";
		};
		1058C7A2FEA54F0111CA2CBB /* Other Frameworks */ = {
			isa = PBXGroup;
			children = (
				29B97324FDCFA39411CA2CEA /* AppKit.framework */,
				13E42FB307B3F0F600E4EEF1 /* CoreData.framework */,
				29B97325FDCFA39411CA2CEA /* Foundation.framework */,
			);
			name = "Other Frameworks";
			sourceTree = "<group>";
		};
		19C28FACFE9D520D11CA2CBB /* Products */ = {
			isa = PBXGroup;
			children = (
				8D1107320486CEB800E47090 /* Lens Refraction.app */,
				FBFDD5170F377EC50086325C /* Lens Refraction.app */,
			);
			name = Products;
			sourceTree = "<group>";
		};
		29B97314FDCFA39411CA2CEA /* Lens Refraction */ = {
			isa = PBXGroup;
			children = (
				FB21D6010EDF712B0099C7C9 /* Backend */,
				080E96DDFE201D6D7F000001 /* Classes */,
				29B97315FDCFA39411CA2CEA /* Other Sources */,
				29B97317FDCFA39411CA2CEA /* Resources */,
				29B97323FDCFA39411CA2CEA /* Frameworks */,
				19C28FACFE9D520D11CA2CBB /* Products */,
			);
			name = "Lens Refraction";
			sourceTree = "<group>";
		};
		29B97315FDCFA39411CA2CEA /* Other Sources */ = {
			isa = PBXGroup;
			children = (
				32CA4F630368D1EE00C91783 /* Lens Refraction_Prefix.pch */,
				29B97316FDCFA39411CA2CEA /* main.m */,
			);
			name = "Other Sources";
			sourceTree = "<group>";
		};
		29B97317FDCFA39411CA2CEA /* Resources */ = {
			isa = PBXGroup;
			children = (
				8D1107310486CEB800E47090 /* Info.plist */,
				089C165CFE840E0CC02AAC07 /* InfoPlist.strings */,
				1DDD58140DA1D0A300B32029 /* MainMenu.xib */,
			);
			name = Resources;
			sourceTree = "<group>";
		};
		29B97323FDCFA39411CA2CEA /* Frameworks */ = {
			isa = PBXGroup;
			children = (
				1058C7A0FEA54F0111CA2CBB /* Linked Frameworks */,
				1058C7A2FEA54F0111CA2CBB /* Other Frameworks */,
			);
			name = Frameworks;
			sourceTree = "<group>";
		};
		FB21D6010EDF712B0099C7C9 /* Backend */ = {
			isa = PBXGroup;
			children = (
				FB21D6040EDF73210099C7C9 /* types.h */,
				FB21D6030EDF73020099C7C9 /* mathutil.h */,
				FB21D6020EDF72C90099C7C9 /* vector2d.h */,
				FB21D5FE0EDF70690099C7C9 /* lens_backend.h */,
				FB21D5FF0EDF70690099C7C9 /* lens_backend.cpp */,
			);
			name = Backend;
			sourceTree = "<group>";
		};
		FBC007960EDD2F390003A992 /* Products */ = {
			isa = PBXGroup;
			children = (
				FBC0079D0EDD2F390003A992 /* cairo.framework */,
			);
			name = Products;
			sourceTree = "<group>";
		};
/* End PBXGroup section */

/* Begin PBXNativeTarget section */
		8D1107260486CEB800E47090 /* Lens Refraction */ = {
			isa = PBXNativeTarget;
			buildConfigurationList = C01FCF4A08A954540054247B /* Build configuration list for PBXNativeTarget "Lens Refraction" */;
			buildPhases = (
				8D1107290486CEB800E47090 /* Resources */,
				8D11072C0486CEB800E47090 /* Sources */,
				8D11072E0486CEB800E47090 /* Frameworks */,
				FBC007A80EDD2F920003A992 /* CopyFiles */,
			);
			buildRules = (
			);
			dependencies = (
				FB21D6BC0EDF8E820099C7C9 /* PBXTargetDependency */,
			);
			name = "Lens Refraction";
			productInstallPath = "$(HOME)/Applications";
			productName = "Lens Refraction";
			productReference = 8D1107320486CEB800E47090 /* Lens Refraction.app */;
			productType = "com.apple.product-type.application";
		};
		FBFDD5040F377EC50086325C /* Lens Refraction Win */ = {
			isa = PBXNativeTarget;
			buildConfigurationList = FBFDD5140F377EC50086325C /* Build configuration list for PBXNativeTarget "Lens Refraction Win" */;
			buildPhases = (
				FBFDD5070F377EC50086325C /* Resources */,
				FBFDD50A0F377EC50086325C /* Sources */,
				FBFDD50F0F377EC50086325C /* Frameworks */,
				FBFDD69D0F3782B60086325C /* ShellScript */,
			);
			buildRules = (
				FBFDD51A0F377FA30086325C /* PBXBuildRule */,
			);
			dependencies = (
			);
			name = "Lens Refraction Win";
			productInstallPath = "$(HOME)/Applications";
			productName = "Lens Refraction";
			productReference = FBFDD5170F377EC50086325C /* Lens Refraction.app */;
			productType = "com.apple.product-type.application";
		};
/* End PBXNativeTarget section */

/* Begin PBXProject section */
		29B97313FDCFA39411CA2CEA /* Project object */ = {
			isa = PBXProject;
			buildConfigurationList = C01FCF4E08A954540054247B /* Build configuration list for PBXProject "Lens Refraction" */;
			compatibilityVersion = "Xcode 3.1";
			hasScannedForEncodings = 1;
			mainGroup = 29B97314FDCFA39411CA2CEA /* Lens Refraction */;
			projectDirPath = "";
			projectReferences = (
				{
					ProductGroup = FBC007960EDD2F390003A992 /* Products */;
					ProjectRef = FBC007950EDD2F390003A992 /* Cairo.xcodeproj */;
				},
			);
			projectRoot = "";
			targets = (
				8D1107260486CEB800E47090 /* Lens Refraction */,
				FBFDD5040F377EC50086325C /* Lens Refraction Win */,
			);
		};
/* End PBXProject section */

/* Begin PBXReferenceProxy section */
		FBC0079D0EDD2F390003A992 /* cairo.framework */ = {
			isa = PBXReferenceProxy;
			fileType = wrapper.framework;
			path = cairo.framework;
			remoteRef = FBC0079C0EDD2F390003A992 /* PBXContainerItemProxy */;
			sourceTree = BUILT_PRODUCTS_DIR;
		};
/* End PBXReferenceProxy section */

/* Begin PBXResourcesBuildPhase section */
		8D1107290486CEB800E47090 /* Resources */ = {
			isa = PBXResourcesBuildPhase;
			buildActionMask = 2147483647;
			files = (
				8D11072B0486CEB800E47090 /* InfoPlist.strings in Resources */,
				1DDD58160DA1D0A300B32029 /* MainMenu.xib in Resources */,
			);
			runOnlyForDeploymentPostprocessing = 0;
		};
		FBFDD5070F377EC50086325C /* Resources */ = {
			isa = PBXResourcesBuildPhase;
			buildActionMask = 2147483647;
			files = (
				FBFDD5080F377EC50086325C /* InfoPlist.strings in Resources */,
				FBFDD5090F377EC50086325C /* MainMenu.xib in Resources */,
			);
			runOnlyForDeploymentPostprocessing = 0;
		};
/* End PBXResourcesBuildPhase section */

/* Begin PBXShellScriptBuildPhase section */
		FBFDD69D0F3782B60086325C /* ShellScript */ = {
			isa = PBXShellScriptBuildPhase;
			buildActionMask = 2147483647;
			files = (
			);
			inputPaths = (
			);
			outputPaths = (
			);
			runOnlyForDeploymentPostprocessing = 0;
			shellPath = /bin/sh;
			shellScript = "/Developer/Cocotron/1.0/bin/retargetBundle -framework Foundation -framework AppKit -destination \"$TARGET_BUILD_DIR/$EXECUTABLE_FOLDER_PATH\"";
		};
/* End PBXShellScriptBuildPhase section */

/* Begin PBXSourcesBuildPhase section */
		8D11072C0486CEB800E47090 /* Sources */ = {
			isa = PBXSourcesBuildPhase;
			buildActionMask = 2147483647;
			files = (
				8D11072D0486CEB800E47090 /* main.m in Sources */,
				FBC007AD0EDD83E30003A992 /* LensController.mm in Sources */,
				FBC007B40EDD842E0003A992 /* CairoView.mm in Sources */,
				FB21D6000EDF70690099C7C9 /* lens_backend.cpp in Sources */,
			);
			runOnlyForDeploymentPostprocessing = 0;
		};
		FBFDD50A0F377EC50086325C /* Sources */ = {
			isa = PBXSourcesBuildPhase;
			buildActionMask = 2147483647;
			files = (
				FBFDD50B0F377EC50086325C /* main.m in Sources */,
				FBFDD50C0F377EC50086325C /* LensController.mm in Sources */,
				FBFDD50D0F377EC50086325C /* CairoView.mm in Sources */,
				FBFDD50E0F377EC50086325C /* lens_backend.cpp in Sources */,
			);
			runOnlyForDeploymentPostprocessing = 0;
		};
/* End PBXSourcesBuildPhase section */

/* Begin PBXTargetDependency section */
		FB21D6BC0EDF8E820099C7C9 /* PBXTargetDependency */ = {
			isa = PBXTargetDependency;
			name = Cairo;
			targetProxy = FB21D6BB0EDF8E820099C7C9 /* PBXContainerItemProxy */;
		};
/* End PBXTargetDependency section */

/* Begin PBXVariantGroup section */
		089C165CFE840E0CC02AAC07 /* InfoPlist.strings */ = {
			isa = PBXVariantGroup;
			children = (
				089C165DFE840E0CC02AAC07 /* English */,
			);
			name = InfoPlist.strings;
			sourceTree = "<group>";
		};
		1DDD58140DA1D0A300B32029 /* MainMenu.xib */ = {
			isa = PBXVariantGroup;
			children = (
				1DDD58150DA1D0A300B32029 /* English */,
			);
			name = MainMenu.xib;
			sourceTree = "<group>";
		};
/* End PBXVariantGroup section */

/* Begin XCBuildConfiguration section */
		C01FCF4B08A954540054247B /* Debug */ = {
			isa = XCBuildConfiguration;
			buildSettings = {
				ALWAYS_SEARCH_USER_PATHS = NO;
				COPY_PHASE_STRIP = NO;
				GCC_DYNAMIC_NO_PIC = NO;
				GCC_ENABLE_FIX_AND_CONTINUE = YES;
				GCC_MODEL_TUNING = G5;
				GCC_OPTIMIZATION_LEVEL = 0;
				GCC_PRECOMPILE_PREFIX_HEADER = YES;
				GCC_PREFIX_HEADER = "Lens Refraction_Prefix.pch";
				INFOPLIST_FILE = Info.plist;
				INSTALL_PATH = "$(HOME)/Applications";
				PRODUCT_NAME = "Lens Refraction";
			};
			name = Debug;
		};
		C01FCF4C08A954540054247B /* Release */ = {
			isa = XCBuildConfiguration;
			buildSettings = {
				ALWAYS_SEARCH_USER_PATHS = NO;
				DEBUG_INFORMATION_FORMAT = "dwarf-with-dsym";
				GCC_MODEL_TUNING = G5;
				GCC_PRECOMPILE_PREFIX_HEADER = YES;
				GCC_PREFIX_HEADER = "Lens Refraction_Prefix.pch";
				INFOPLIST_FILE = Info.plist;
				INSTALL_PATH = "$(HOME)/Applications";
				PRODUCT_NAME = "Lens Refraction";
			};
			name = Release;
		};
		C01FCF4F08A954540054247B /* Debug */ = {
			isa = XCBuildConfiguration;
			buildSettings = {
				ARCHS = "$(ARCHS_STANDARD_32_BIT)";
				FRAMEWORK_SEARCH_PATHS = "../deps/cairo/proj/build/$(CONFIGURATION)";
				GCC_C_LANGUAGE_STANDARD = c99;
				GCC_OPTIMIZATION_LEVEL = 0;
				GCC_WARN_ABOUT_RETURN_TYPE = YES;
				GCC_WARN_UNUSED_VARIABLE = YES;
				ONLY_ACTIVE_ARCH = YES;
				PREBINDING = NO;
				SDKROOT = macosx10.5;
			};
			name = Debug;
		};
		C01FCF5008A954540054247B /* Release */ = {
			isa = XCBuildConfiguration;
			buildSettings = {
				ARCHS = "$(ARCHS_STANDARD_32_BIT)";
				FRAMEWORK_SEARCH_PATHS = "../deps/cairo/proj/build/$(CONFIGURATION)";
				GCC_C_LANGUAGE_STANDARD = c99;
				GCC_WARN_ABOUT_RETURN_TYPE = YES;
				GCC_WARN_UNUSED_VARIABLE = YES;
				PREBINDING = NO;
				SDKROOT = macosx10.5;
			};
			name = Release;
		};
		FBFDD5150F377EC50086325C /* Debug */ = {
			isa = XCBuildConfiguration;
			buildSettings = {
				ALWAYS_SEARCH_USER_PATHS = NO;
				ARCHS = "$(NATIVE_ARCH)";
				COPY_PHASE_STRIP = NO;
				DEBUG_INFORMATION_FORMAT = stabs;
				FRAMEWORK_SEARCH_PATHS = (
					/Developer/Cocotron/1.0/Windows/i386/Frameworks,
					"../deps/cairo/proj/build/$(CONFIGURATION)",
				);
				GCC_DYNAMIC_NO_PIC = NO;
				GCC_ENABLE_FIX_AND_CONTINUE = YES;
				GCC_MODEL_TUNING = G5;
				GCC_OPTIMIZATION_LEVEL = 0;
				GCC_PRECOMPILE_PREFIX_HEADER = YES;
				GCC_PREFIX_HEADER = "Lens Refraction_Prefix.pch";
				INFOPLIST_FILE = Info.plist;
				INSTALL_PATH = "$(HOME)/Applications";
				PRODUCT_NAME = "Lens Refraction";
				SDKROOT = "";
				SYMROOT = build/win;
			};
			name = Debug;
		};
		FBFDD5160F377EC50086325C /* Release */ = {
			isa = XCBuildConfiguration;
			buildSettings = {
				ALWAYS_SEARCH_USER_PATHS = NO;
				ARCHS = "$(NATIVE_ARCH)";
				DEBUG_INFORMATION_FORMAT = stabs;
				FRAMEWORK_SEARCH_PATHS = (
					/Developer/Cocotron/1.0/Windows/i386/Frameworks,
					"../deps/cairo/proj/build/$(CONFIGURATION)",
				);
				GCC_DYNAMIC_NO_PIC = NO;
				GCC_MODEL_TUNING = G5;
				GCC_PRECOMPILE_PREFIX_HEADER = YES;
				GCC_PREFIX_HEADER = "Lens Refraction_Prefix.pch";
				INFOPLIST_FILE = Info.plist;
				INSTALL_PATH = "$(HOME)/Applications";
				PRODUCT_NAME = "Lens Refraction";
				SDKROOT = "";
				STRIP_INSTALLED_PRODUCT = YES;
				SYMROOT = build/win;
			};
			name = Release;
		};
/* End XCBuildConfiguration section */

/* Begin XCConfigurationList section */
		C01FCF4A08A954540054247B /* Build configuration list for PBXNativeTarget "Lens Refraction" */ = {
			isa = XCConfigurationList;
			buildConfigurations = (
				C01FCF4B08A954540054247B /* Debug */,
				C01FCF4C08A954540054247B /* Release */,
			);
			defaultConfigurationIsVisible = 0;
			defaultConfigurationName = Release;
		};
		C01FCF4E08A954540054247B /* Build configuration list for PBXProject "Lens Refraction" */ = {
			isa = XCConfigurationList;
			buildConfigurations = (
				C01FCF4F08A954540054247B /* Debug */,
				C01FCF5008A954540054247B /* Release */,
			);
			defaultConfigurationIsVisible = 0;
			defaultConfigurationName = Release;
		};
		FBFDD5140F377EC50086325C /* Build configuration list for PBXNativeTarget "Lens Refraction Win" */ = {
			isa = XCConfigurationList;
			buildConfigurations = (
				FBFDD5150F377EC50086325C /* Debug */,
				FBFDD5160F377EC50086325C /* Release */,
			);
			defaultConfigurationIsVisible = 0;
			defaultConfigurationName = Release;
		};
/* End XCConfigurationList section */
	};
	rootObject = 29B97313FDCFA39411CA2CEA /* Project object */;
}
